<?xml version="1.0" encoding="utf-8"?>
<Project ToolsVersion="4.0" xmlns="http://schemas.microsoft.com/developer/msbuild/2003">
  <ItemGroup>
    <Filter Include="Source Files">
      <UniqueIdentifier>{4FC737F1-C7A5-4376-A066-2A32D752A2FF}</UniqueIdentifier>
      <Extensions>cpp;c;cxx;def;odl;idl;hpj;bat;asm;asmx</Extensions>
    </Filter>
    <Filter Include="Header Files">
      <UniqueIdentifier>{93995380-89BD-4b04-88EB-625FBE52EBFB}</UniqueIdentifier>
      <Extensions>h;hpp;hxx;hm;inl;inc;xsd</Extensions>
    </Filter>
    <Filter Include="Resource Files">
      <UniqueIdentifier>{67DA6AB6-F800-4c08-8B7A-83BB121AAD01}</UniqueIdentifier>
      <Extensions>rc;ico;cur;bmp;dlg;rc2;rct;bin;rgs;gif;jpg;jpeg;jpe;resx</Extensions>
    </Filter>
    <Filter Include="TinyXml Files">
      <UniqueIdentifier>{2cf3b2be-0101-4763-9da9-a2d550eb9667}</UniqueIdentifier>
    </Filter>
  </ItemGroup>
  <ItemGroup>
    <ClCompile Include="nAudio.cpp">
      <Filter>Source Files</Filter>
    </ClCompile>
    <ClCompile Include="nCommandLine.cpp">
      <Filter>Source Files</Filter>
    </ClCompile>
    <ClCompile Include="nFile.cpp">
      <Filter>Source Files</Filter>
    </ClCompile>
    <ClCompile Include="nGame.cpp">
      <Filter>Source Files</Filter>
    </ClCompile>
    <ClCompile Include="nGlobals.cpp">
      <Filter>Source Files</Filter>
    </ClCompile>
    <ClCompile Include="nGraphics.cpp">
      <Filter>Source Files</Filter>
    </ClCompile>
    <ClCompile Include="nInput.cpp">
      <Filter>Source Files</Filter>
    </ClCompile>
    <ClCompile Include="nKeyboard.cpp">
      <Filter>Source Files</Filter>
    </ClCompile>
    <ClCompile Include="nMain.cpp">
      <Filter>Source Files</Filter>
    </ClCompile>
    <ClCompile Include="nMouse.cpp">
      <Filter>Source Files</Filter>
    </ClCompile>
    <ClCompile Include="nTimer.cpp">
      <Filter>Source Files</Filter>
    </ClCompile>
    <ClCompile Include="TinyXML\tinystr.cpp">
      <Filter>TinyXml Files</Filter>
    </ClCompile>
    <ClCompile Include="TinyXML\tinyxml.cpp">
      <Filter>TinyXml Files</Filter>
    </ClCompile>
    <ClCompile Include="TinyXML\tinyxmlerror.cpp">
      <Filter>TinyXml Files</Filter>
    </ClCompile>
    <ClCompile Include="TinyXML\tinyxmlparser.cpp">
      <Filter>TinyXml Files</Filter>
    </ClCompile>
  </ItemGroup>
  <ItemGroup>
    <ClInclude Include="nAudio.h">
      <Filter>Header Files</Filter>
    </ClInclude>
    <ClInclude Include="nColor.h">
      <Filter>Header Files</Filter>
    </ClInclude>
    <ClInclude Include="nCommandLine.h">
      <Filter>Header Files</Filter>
    </ClInclude>
    <ClInclude Include="nFile.h">
      <Filter>Header Files</Filter>
    </ClInclude>
    <ClInclude Include="nGame.h">
      <Filter>Header Files</Filter>
    </ClInclude>
    <ClInclude Include="nGraphics.h">
      <Filter>Header Files</Filter>
    </ClInclude>
    <ClInclude Include="nInput.h">
      <Filter>Header Files</Filter>
    </ClInclude>
    <ClInclude Include="nMain.h">
      <Filter>Header Files</Filter>
    </ClInclude>
    <ClInclude Include="nMouse.h">
      <Filter>Header Files</Filter>
    </ClInclude>
    <ClInclude Include="nPoint.h">
      <Filter>Header Files</Filter>
    </ClInclude>
    <ClInclude Include="nRect.h">
      <Filter>Header Files</Filter>
    </ClInclude>
    <ClInclude Include="nSize.h">
      <Filter>Header Files</Filter>
    </ClInclude>
    <ClInclude Include="nString.h">
      <Filter>Header Files</Filter>
    </ClInclude>
    <ClInclude Include="nTimer.h">
      <Filter>Header Files</Filter>
    </ClInclude>
    <ClInclude Include="nVector.h">
      <Filter>Header Files</Filter>
    </ClInclude>
    <ClInclude Include="resource.h">
      <Filter>Resource Files</Filter>
    </ClInclude>
    <ClInclude Include="TinyXML\tinystr.h">
      <Filter>TinyXml Files</Filter>
    </ClInclude>
    <ClInclude Include="TinyXML\tinyxml.h">
      <Filter>TinyXml Files</Filter>
    </ClInclude>
  </ItemGroup>
  <ItemGroup>
    <Image Include="MissleCommand.ico">
      <Filter>Resource Files</Filter>
    </Image>
  </ItemGroup>
  <ItemGroup>
    <ResourceCompile Include="MissleCommand.rc">
      <Filter>Resource Files</Filter>
    </ResourceCompile>
  </ItemGroup>
  <ItemGroup>
    <CustomBuild Include="nGlobals.h">
      <Filter>Header Files</Filter>
    </CustomBuild>
    <CustomBuild Include="nKeyboard.h">
      <Filter>Header Files</Filter>
    </CustomBuild>
  </ItemGroup>
</Project>